// !$*UTF8*$!
{
	archiveVersion = 1;
	classes = {
	};
	objectVersion = 56;
	objects = {

/* Begin PBXBuildFile section */
		3803CCCB2A80323D00EA2E19 /* AppDelegate.swift in Sources */ = {isa = PBXBuildFile; fileRef = 3803CCCA2A80323D00EA2E19 /* AppDelegate.swift */; };
		3803CCCD2A80323D00EA2E19 /* SceneDelegate.swift in Sources */ = {isa = PBXBuildFile; fileRef = 3803CCCC2A80323D00EA2E19 /* SceneDelegate.swift */; };
		3803CCCF2A80323D00EA2E19 /* Tela01VC.swift in Sources */ = {isa = PBXBuildFile; fileRef = 3803CCCE2A80323D00EA2E19 /* Tela01VC.swift */; };
		3803CCD22A80323D00EA2E19 /* Main.storyboard in Resources */ = {isa = PBXBuildFile; fileRef = 3803CCD02A80323D00EA2E19 /* Main.storyboard */; };
		3803CCD42A80323F00EA2E19 /* Assets.xcassets in Resources */ = {isa = PBXBuildFile; fileRef = 3803CCD32A80323F00EA2E19 /* Assets.xcassets */; };
		3803CCD72A80323F00EA2E19 /* LaunchScreen.storyboard in Resources */ = {isa = PBXBuildFile; fileRef = 3803CCD52A80323F00EA2E19 /* LaunchScreen.storyboard */; };
		3803CCE02A803CE800EA2E19 /* Tela02VC.swift in Sources */ = {isa = PBXBuildFile; fileRef = 3803CCDF2A803CE800EA2E19 /* Tela02VC.swift */; };
		3803CCE32A803CF900EA2E19 /* Tela03VC.swift in Sources */ = {isa = PBXBuildFile; fileRef = 3803CCE22A803CF900EA2E19 /* Tela03VC.swift */; };
		3849C95F2A81E7D300108BF5 /* CustomTableViewCell.swift in Sources */ = {isa = PBXBuildFile; fileRef = 3849C95D2A81E7D300108BF5 /* CustomTableViewCell.swift */; };
		3849C9602A81E7D300108BF5 /* CustomTableViewCell.xib in Resources */ = {isa = PBXBuildFile; fileRef = 3849C95E2A81E7D300108BF5 /* CustomTableViewCell.xib */; };
		3849C9672A81EFEB00108BF5 /* CustomCollectionViewCell.swift in Sources */ = {isa = PBXBuildFile; fileRef = 3849C9652A81EFEB00108BF5 /* CustomCollectionViewCell.swift */; };
		3849C9682A81EFEB00108BF5 /* CustomCollectionViewCell.xib in Resources */ = {isa = PBXBuildFile; fileRef = 3849C9662A81EFEB00108BF5 /* CustomCollectionViewCell.xib */; };
/* End PBXBuildFile section */

/* Begin PBXFileReference section */
		3803CCC72A80323D00EA2E19 /* InfoLoL.app */ = {isa = PBXFileReference; explicitFileType = wrapper.application; includeInIndex = 0; path = InfoLoL.app; sourceTree = BUILT_PRODUCTS_DIR; };
		3803CCCA2A80323D00EA2E19 /* AppDelegate.swift */ = {isa = PBXFileReference; lastKnownFileType = sourcecode.swift; path = AppDelegate.swift; sourceTree = "<group>"; };
		3803CCCC2A80323D00EA2E19 /* SceneDelegate.swift */ = {isa = PBXFileReference; lastKnownFileType = sourcecode.swift; path = SceneDelegate.swift; sourceTree = "<group>"; };
		3803CCCE2A80323D00EA2E19 /* Tela01VC.swift */ = {isa = PBXFileReference; lastKnownFileType = sourcecode.swift; path = Tela01VC.swift; sourceTree = "<group>"; };
		3803CCD12A80323D00EA2E19 /* Base */ = {isa = PBXFileReference; lastKnownFileType = file.storyboard; name = Base; path = Base.lproj/Main.storyboard; sourceTree = "<group>"; };
		3803CCD32A80323F00EA2E19 /* Assets.xcassets */ = {isa = PBXFileReference; lastKnownFileType = folder.assetcatalog; path = Assets.xcassets; sourceTree = "<group>"; };
		3803CCD62A80323F00EA2E19 /* Base */ = {isa = PBXFileReference; lastKnownFileType = file.storyboard; name = Base; path = Base.lproj/LaunchScreen.storyboard; sourceTree = "<group>"; };
		3803CCD82A80323F00EA2E19 /* Info.plist */ = {isa = PBXFileReference; lastKnownFileType = text.plist.xml; path = Info.plist; sourceTree = "<group>"; };
		3803CCDF2A803CE800EA2E19 /* Tela02VC.swift */ = {isa = PBXFileReference; lastKnownFileType = sourcecode.swift; path = Tela02VC.swift; sourceTree = "<group>"; };
		3803CCE22A803CF900EA2E19 /* Tela03VC.swift */ = {isa = PBXFileReference; lastKnownFileType = sourcecode.swift; path = Tela03VC.swift; sourceTree = "<group>"; };
		3849C95D2A81E7D300108BF5 /* CustomTableViewCell.swift */ = {isa = PBXFileReference; lastKnownFileType = sourcecode.swift; path = CustomTableViewCell.swift; sourceTree = "<group>"; };
		3849C95E2A81E7D300108BF5 /* CustomTableViewCell.xib */ = {isa = PBXFileReference; lastKnownFileType = file.xib; path = CustomTableViewCell.xib; sourceTree = "<group>"; };
		3849C9652A81EFEB00108BF5 /* CustomCollectionViewCell.swift */ = {isa = PBXFileReference; lastKnownFileType = sourcecode.swift; path = CustomCollectionViewCell.swift; sourceTree = "<group>"; };
		3849C9662A81EFEB00108BF5 /* CustomCollectionViewCell.xib */ = {isa = PBXFileReference; lastKnownFileType = file.xib; path = CustomCollectionViewCell.xib; sourceTree = "<group>"; };
/* End PBXFileReference section */

/* Begin PBXFrameworksBuildPhase section */
		3803CCC42A80323D00EA2E19 /* Frameworks */ = {
			isa = PBXFrameworksBuildPhase;
			buildActionMask = 2147483647;
			files = (
			);
			runOnlyForDeploymentPostprocessing = 0;
		};
/* End PBXFrameworksBuildPhase section */

/* Begin PBXGroup section */
		3803CCBE2A80323D00EA2E19 = {
			isa = PBXGroup;
			children = (
				3803CCC92A80323D00EA2E19 /* InfoLoL */,
				3803CCC82A80323D00EA2E19 /* Products */,
			);
			sourceTree = "<group>";
		};
		3803CCC82A80323D00EA2E19 /* Products */ = {
			isa = PBXGroup;
			children = (
				3803CCC72A80323D00EA2E19 /* InfoLoL.app */,
			);
			name = Products;
			sourceTree = "<group>";
		};
		3803CCC92A80323D00EA2E19 /* InfoLoL */ = {
			isa = PBXGroup;
			children = (
				3849C95C2A81E7BD00108BF5 /* Cell */,
				3803CCCA2A80323D00EA2E19 /* AppDelegate.swift */,
				3803CCCC2A80323D00EA2E19 /* SceneDelegate.swift */,
				3803CCCE2A80323D00EA2E19 /* Tela01VC.swift */,
				3803CCDF2A803CE800EA2E19 /* Tela02VC.swift */,
				3803CCE22A803CF900EA2E19 /* Tela03VC.swift */,
				3803CCD02A80323D00EA2E19 /* Main.storyboard */,
				3803CCD32A80323F00EA2E19 /* Assets.xcassets */,
				3803CCD52A80323F00EA2E19 /* LaunchScreen.storyboard */,
				3803CCD82A80323F00EA2E19 /* Info.plist */,
			);
			path = InfoLoL;
			sourceTree = "<group>";
		};
		3849C95C2A81E7BD00108BF5 /* Cell */ = {
			isa = PBXGroup;
			children = (
				3849C95D2A81E7D300108BF5 /* CustomTableViewCell.swift */,
				3849C95E2A81E7D300108BF5 /* CustomTableViewCell.xib */,
				3849C9652A81EFEB00108BF5 /* CustomCollectionViewCell.swift */,
				3849C9662A81EFEB00108BF5 /* CustomCollectionViewCell.xib */,
			);
			path = Cell;
			sourceTree = "<group>";
		};
/* End PBXGroup section */

/* Begin PBXNativeTarget section */
		3803CCC62A80323D00EA2E19 /* InfoLoL */ = {
			isa = PBXNativeTarget;
			buildConfigurationList = 3803CCDB2A80323F00EA2E19 /* Build configuration list for PBXNativeTarget "InfoLoL" */;
			buildPhases = (
				3803CCC32A80323D00EA2E19 /* Sources */,
				3803CCC42A80323D00EA2E19 /* Frameworks */,
				3803CCC52A80323D00EA2E19 /* Resources */,
			);
			buildRules = (
			);
			dependencies = (
			);
			name = InfoLoL;
			productName = InfoLoL;
			productReference = 3803CCC72A80323D00EA2E19 /* InfoLoL.app */;
			productType = "com.apple.product-type.application";
		};
/* End PBXNativeTarget section */

/* Begin PBXProject section */
		3803CCBF2A80323D00EA2E19 /* Project object */ = {
			isa = PBXProject;
			attributes = {
				BuildIndependentTargetsInParallel = 1;
				LastSwiftUpdateCheck = 1430;
				LastUpgradeCheck = 1430;
				TargetAttributes = {
					3803CCC62A80323D00EA2E19 = {
						CreatedOnToolsVersion = 14.3.1;
					};
				};
			};
			buildConfigurationList = 3803CCC22A80323D00EA2E19 /* Build configuration list for PBXProject "InfoLoL" */;
			compatibilityVersion = "Xcode 14.0";
			developmentRegion = en;
			hasScannedForEncodings = 0;
			knownRegions = (
				en,
				Base,
			);
			mainGroup = 3803CCBE2A80323D00EA2E19;
			productRefGroup = 3803CCC82A80323D00EA2E19 /* Products */;
			projectDirPath = "";
			projectRoot = "";
			targets = (
				3803CCC62A80323D00EA2E19 /* InfoLoL */,
			);
		};
/* End PBXProject section */

/* Begin PBXResourcesBuildPhase section */
		3803CCC52A80323D00EA2E19 /* Resources */ = {
			isa = PBXResourcesBuildPhase;
			buildActionMask = 2147483647;
			files = (
				3803CCD72A80323F00EA2E19 /* LaunchScreen.storyboard in Resources */,
				3803CCD42A80323F00EA2E19 /* Assets.xcassets in Resources */,
				3849C9602A81E7D300108BF5 /* CustomTableViewCell.xib in Resources */,
				3849C9682A81EFEB00108BF5 /* CustomCollectionViewCell.xib in Resources */,
				3803CCD22A80323D00EA2E19 /* Main.storyboard in Resources */,
			);
			runOnlyForDeploymentPostprocessing = 0;
		};
/* End PBXResourcesBuildPhase section */

/* Begin PBXSourcesBuildPhase section */
		3803CCC32A80323D00EA2E19 /* Sources */ = {
			isa = PBXSourcesBuildPhase;
			buildActionMask = 2147483647;
			files = (
				3849C95F2A81E7D300108BF5 /* CustomTableViewCell.swift in Sources */,
				3849C9672A81EFEB00108BF5 /* CustomCollectionViewCell.swift in Sources */,
				3803CCCF2A80323D00EA2E19 /* Tela01VC.swift in Sources */,
				3803CCE32A803CF900EA2E19 /* Tela03VC.swift in Sources */,
				3803CCCB2A80323D00EA2E19 /* AppDelegate.swift in Sources */,
				3803CCE02A803CE800EA2E19 /* Tela02VC.swift in Sources */,
				3803CCCD2A80323D00EA2E19 /* SceneDelegate.swift in Sources */,
			);
			runOnlyForDeploymentPostprocessing = 0;
		};
/* End PBXSourcesBuildPhase section */

/* Begin PBXVariantGroup section */
		3803CCD02A80323D00EA2E19 /* Main.storyboard */ = {
			isa = PBXVariantGroup;
			children = (
				3803CCD12A80323D00EA2E19 /* Base */,
			);
			name = Main.storyboard;
			sourceTree = "<group>";
		};
		3803CCD52A80323F00EA2E19 /* LaunchScreen.storyboard */ = {
			isa = PBXVariantGroup;
			children = (
				3803CCD62A80323F00EA2E19 /* Base */,
			);
			name = LaunchScreen.storyboard;
			sourceTree = "<group>";
		};
/* End PBXVariantGroup section */

/* Begin XCBuildConfiguration section */
		3803CCD92A80323F00EA2E19 /* Debug */ = {
			isa = XCBuildConfiguration;
			buildSettings = {
				ALWAYS_SEARCH_USER_PATHS = NO;
				CLANG_ANALYZER_NONNULL = YES;
				CLANG_ANALYZER_NUMBER_OBJECT_CONVERSION = YES_AGGRESSIVE;
				CLANG_CXX_LANGUAGE_STANDARD = "gnu++20";
				CLANG_ENABLE_MODULES = YES;
				CLANG_ENABLE_OBJC_ARC = YES;
				CLANG_ENABLE_OBJC_WEAK = YES;
				CLANG_WARN_BLOCK_CAPTURE_AUTORELEASING = YES;
				CLANG_WARN_BOOL_CONVERSION = YES;
				CLANG_WARN_COMMA = YES;
				CLANG_WARN_CONSTANT_CONVERSION = YES;
				CLANG_WARN_DEPRECATED_OBJC_IMPLEMENTATIONS = YES;
				CLANG_WARN_DIRECT_OBJC_ISA_USAGE = YES_ERROR;
				CLANG_WARN_DOCUMENTATION_COMMENTS = YES;
				CLANG_WARN_EMPTY_BODY = YES;
				CLANG_WARN_ENUM_CONVERSION = YES;
				CLANG_WARN_INFINITE_RECURSION = YES;
				CLANG_WARN_INT_CONVERSION = YES;
				CLANG_WARN_NON_LITERAL_NULL_CONVERSION = YES;
				CLANG_WARN_OBJC_IMPLICIT_RETAIN_SELF = YES;
				CLANG_WARN_OBJC_LITERAL_CONVERSION = YES;
				CLANG_WARN_OBJC_ROOT_CLASS = YES_ERROR;
				CLANG_WARN_QUOTED_INCLUDE_IN_FRAMEWORK_HEADER = YES;
				CLANG_WARN_RANGE_LOOP_ANALYSIS = YES;
				CLANG_WARN_STRICT_PROTOTYPES = YES;
				CLANG_WARN_SUSPICIOUS_MOVE = YES;
				CLANG_WARN_UNGUARDED_AVAILABILITY = YES_AGGRESSIVE;
				CLANG_WARN_UNREACHABLE_CODE = YES;
				CLANG_WARN__DUPLICATE_METHOD_MATCH = YES;
				COPY_PHASE_STRIP = NO;
				DEBUG_INFORMATION_FORMAT = dwarf;
				ENABLE_STRICT_OBJC_MSGSEND = YES;
				ENABLE_TESTABILITY = YES;
				GCC_C_LANGUAGE_STANDARD = gnu11;
				GCC_DYNAMIC_NO_PIC = NO;
				GCC_NO_COMMON_BLOCKS = YES;
				GCC_OPTIMIZATION_LEVEL = 0;
				GCC_PREPROCESSOR_DEFINITIONS = (
					"DEBUG=1",
					"$(inherited)",
				);
				GCC_WARN_64_TO_32_BIT_CONVERSION = YES;
				GCC_WARN_ABOUT_RETURN_TYPE = YES_ERROR;
				GCC_WARN_UNDECLARED_SELECTOR = YES;
				GCC_WARN_UNINITIALIZED_AUTOS = YES_AGGRESSIVE;
				GCC_WARN_UNUSED_FUNCTION = YES;
				GCC_WARN_UNUSED_VARIABLE = YES;
				IPHONEOS_DEPLOYMENT_TARGET = 16.4;
				MTL_ENABLE_DEBUG_INFO = INCLUDE_SOURCE;
				MTL_FAST_MATH = YES;
				ONLY_ACTIVE_ARCH = YES;
				SDKROOT = iphoneos;
				SWIFT_ACTIVE_COMPILATION_CONDITIONS = DEBUG;
				SWIFT_OPTIMIZATION_LEVEL = "-Onone";
			};
			name = Debug;
		};
		3803CCDA2A80323F00EA2E19 /* Release */ = {
			isa = XCBuildConfiguration;
			buildSettings = {
				ALWAYS_SEARCH_USER_PATHS = NO;
				CLANG_ANALYZER_NONNULL = YES;
				CLANG_ANALYZER_NUMBER_OBJECT_CONVERSION = YES_AGGRESSIVE;
				CLANG_CXX_LANGUAGE_STANDARD = "gnu++20";
				CLANG_ENABLE_MODULES = YES;
				CLANG_ENABLE_OBJC_ARC = YES;
				CLANG_ENABLE_OBJC_WEAK = YES;
				CLANG_WARN_BLOCK_CAPTURE_AUTORELEASING = YES;
				CLANG_WARN_BOOL_CONVERSION = YES;
				CLANG_WARN_COMMA = YES;
				CLANG_WARN_CONSTANT_CONVERSION = YES;
				CLANG_WARN_DEPRECATED_OBJC_IMPLEMENTATIONS = YES;
				CLANG_WARN_DIRECT_OBJC_ISA_USAGE = YES_ERROR;
				CLANG_WARN_DOCUMENTATION_COMMENTS = YES;
				CLANG_WARN_EMPTY_BODY = YES;
				CLANG_WARN_ENUM_CONVERSION = YES;
				CLANG_WARN_INFINITE_RECURSION = YES;
				CLANG_WARN_INT_CONVERSION = YES;
				CLANG_WARN_NON_LITERAL_NULL_CONVERSION = YES;
				CLANG_WARN_OBJC_IMPLICIT_RETAIN_SELF = YES;
				CLANG_WARN_OBJC_LITERAL_CONVERSION = YES;
				CLANG_WARN_OBJC_ROOT_CLASS = YES_ERROR;
				CLANG_WARN_QUOTED_INCLUDE_IN_FRAMEWORK_HEADER = YES;
				CLANG_WARN_RANGE_LOOP_ANALYSIS = YES;
				CLANG_WARN_STRICT_PROTOTYPES = YES;
				CLANG_WARN_SUSPICIOUS_MOVE = YES;
				CLANG_WARN_UNGUARDED_AVAILABILITY = YES_AGGRESSIVE;
				CLANG_WARN_UNREACHABLE_CODE = YES;
				CLANG_WARN__DUPLICATE_METHOD_MATCH = YES;
				COPY_PHASE_STRIP = NO;
				DEBUG_INFORMATION_FORMAT = "dwarf-with-dsym";
				ENABLE_NS_ASSERTIONS = NO;
				ENABLE_STRICT_OBJC_MSGSEND = YES;
				GCC_C_LANGUAGE_STANDARD = gnu11;
				GCC_NO_COMMON_BLOCKS = YES;
				GCC_WARN_64_TO_32_BIT_CONVERSION = YES;
				GCC_WARN_ABOUT_RETURN_TYPE = YES_ERROR;
				GCC_WARN_UNDECLARED_SELECTOR = YES;
				GCC_WARN_UNINITIALIZED_AUTOS = YES_AGGRESSIVE;
				GCC_WARN_UNUSED_FUNCTION = YES;
				GCC_WARN_UNUSED_VARIABLE = YES;
				IPHONEOS_DEPLOYMENT_TARGET = 16.4;
				MTL_ENABLE_DEBUG_INFO = NO;
				MTL_FAST_MATH = YES;
				SDKROOT = iphoneos;
				SWIFT_COMPILATION_MODE = wholemodule;
				SWIFT_OPTIMIZATION_LEVEL = "-O";
				VALIDATE_PRODUCT = YES;
			};
			name = Release;
		};
		3803CCDC2A80323F00EA2E19 /* Debug */ = {
			isa = XCBuildConfiguration;
			buildSettings = {
				ASSETCATALOG_COMPILER_APPICON_NAME = AppIcon;
				ASSETCATALOG_COMPILER_GLOBAL_ACCENT_COLOR_NAME = AccentColor;
				CODE_SIGN_STYLE = Automatic;
				CURRENT_PROJECT_VERSION = 1;
				DEVELOPMENT_TEAM = 2S2FV5PGBT;
				GENERATE_INFOPLIST_FILE = YES;
				INFOPLIST_FILE = InfoLoL/Info.plist;
				INFOPLIST_KEY_UIApplicationSupportsIndirectInputEvents = YES;
				INFOPLIST_KEY_UILaunchStoryboardName = LaunchScreen;
				INFOPLIST_KEY_UIMainStoryboardFile = Main;
				INFOPLIST_KEY_UISupportedInterfaceOrientations_iPad = "UIInterfaceOrientationPortrait UIInterfaceOrientationPortraitUpsideDown UIInterfaceOrientationLandscapeLeft UIInterfaceOrientationLandscapeRight";
				INFOPLIST_KEY_UISupportedInterfaceOrientations_iPhone = "UIInterfaceOrientationPortrait UIInterfaceOrientationLandscapeLeft UIInterfaceOrientationLandscapeRight";
				LD_RUNPATH_SEARCH_PATHS = (
					"$(inherited)",
					"@executable_path/Frameworks",
				);
				MARKETING_VERSION = 1.0;
				PRODUCT_BUNDLE_IDENTIFIER = com.enzorodrigues.InfoLoL;
				PRODUCT_NAME = "$(TARGET_NAME)";
				SWIFT_EMIT_LOC_STRINGS = YES;
				SWIFT_VERSION = 5.0;
				TARGETED_DEVICE_FAMILY = "1,2";
			};
			name = Debug;
		};
		3803CCDD2A80323F00EA2E19 /* Release */ = {
			isa = XCBuildConfiguration;
			buildSettings = {
				ASSETCATALOG_COMPILER_APPICON_NAME = AppIcon;
				ASSETCATALOG_COMPILER_GLOBAL_ACCENT_COLOR_NAME = AccentColor;
				CODE_SIGN_STYLE = Automatic;
				CURRENT_PROJECT_VERSION = 1;
				DEVELOPMENT_TEAM = 2S2FV5PGBT;
				GENERATE_INFOPLIST_FILE = YES;
				INFOPLIST_FILE = InfoLoL/Info.plist;
				INFOPLIST_KEY_UIApplicationSupportsIndirectInputEvents = YES;
				INFOPLIST_KEY_UILaunchStoryboardName = LaunchScreen;
				INFOPLIST_KEY_UIMainStoryboardFile = Main;
				INFOPLIST_KEY_UISupportedInterfaceOrientations_iPad = "UIInterfaceOrientationPortrait UIInterfaceOrientationPortraitUpsideDown UIInterfaceOrientationLandscapeLeft UIInterfaceOrientationLandscapeRight";
				INFOPLIST_KEY_UISupportedInterfaceOrientations_iPhone = "UIInterfaceOrientationPortrait UIInterfaceOrientationLandscapeLeft UIInterfaceOrientationLandscapeRight";
				LD_RUNPATH_SEARCH_PATHS = (
					"$(inherited)",
					"@executable_path/Frameworks",
				);
				MARKETING_VERSION = 1.0;
				PRODUCT_BUNDLE_IDENTIFIER = com.enzorodrigues.InfoLoL;
				PRODUCT_NAME = "$(TARGET_NAME)";
				SWIFT_EMIT_LOC_STRINGS = YES;
				SWIFT_VERSION = 5.0;
				TARGETED_DEVICE_FAMILY = "1,2";
			};
			name = Release;
		};
/* End XCBuildConfiguration section */

/* Begin XCConfigurationList section */
		3803CCC22A80323D00EA2E19 /* Build configuration list for PBXProject "InfoLoL" */ = {
			isa = XCConfigurationList;
			buildConfigurations = (
				3803CCD92A80323F00EA2E19 /* Debug */,
				3803CCDA2A80323F00EA2E19 /* Release */,
			);
			defaultConfigurationIsVisible = 0;
			defaultConfigurationName = Release;
		};
		3803CCDB2A80323F00EA2E19 /* Build configuration list for PBXNativeTarget "InfoLoL" */ = {
			isa = XCConfigurationList;
			buildConfigurations = (
				3803CCDC2A80323F00EA2E19 /* Debug */,
				3803CCDD2A80323F00EA2E19 /* Release */,
			);
			defaultConfigurationIsVisible = 0;
			defaultConfigurationName = Release;
		};
/* End XCConfigurationList section */
	};
	rootObject = 3803CCBF2A80323D00EA2E19 /* Project object */;
}
